// !$*UTF8*$!
{
	archiveVersion = 1;
	classes = {
	};
	objectVersion = 46;
	objects = {

/* Begin PBXBuildFile section */
		7A68D8A71B45280E004B77B9 /* Api3.m in Sources */ = {isa = PBXBuildFile; fileRef = 7A68D8A61B45280E004B77B9 /* Api3.m */; };
		7A80C2711B3D2DE800D53F00 /* LCRequestAccessory.m in Sources */ = {isa = PBXBuildFile; fileRef = 7A80C2701B3D2DE800D53F00 /* LCRequestAccessory.m */; };
		7A80C2741B3D2F3900D53F00 /* LCProcessFilter.m in Sources */ = {isa = PBXBuildFile; fileRef = 7A80C2731B3D2F3900D53F00 /* LCProcessFilter.m */; };
		7A80C2771B3D2FC300D53F00 /* Api1.m in Sources */ = {isa = PBXBuildFile; fileRef = 7A80C2761B3D2FC300D53F00 /* Api1.m */; };
		7A83F2A41B3C00D500DA3282 /* main.m in Sources */ = {isa = PBXBuildFile; fileRef = 7A83F2A31B3C00D500DA3282 /* main.m */; };
		7A83F2A71B3C00D500DA3282 /* AppDelegate.m in Sources */ = {isa = PBXBuildFile; fileRef = 7A83F2A61B3C00D500DA3282 /* AppDelegate.m */; };
		7A83F2AA1B3C00D500DA3282 /* ViewController.m in Sources */ = {isa = PBXBuildFile; fileRef = 7A83F2A91B3C00D500DA3282 /* ViewController.m */; };
		7A83F2AD1B3C00D500DA3282 /* Main.storyboard in Resources */ = {isa = PBXBuildFile; fileRef = 7A83F2AB1B3C00D500DA3282 /* Main.storyboard */; };
		7A83F2AF1B3C00D500DA3282 /* Images.xcassets in Resources */ = {isa = PBXBuildFile; fileRef = 7A83F2AE1B3C00D500DA3282 /* Images.xcassets */; };
		7A83F2B21B3C00D500DA3282 /* LaunchScreen.xib in Resources */ = {isa = PBXBuildFile; fileRef = 7A83F2B01B3C00D500DA3282 /* LaunchScreen.xib */; };
		7A83F2BE1B3C00D500DA3282 /* LCNetworkDemoTests.m in Sources */ = {isa = PBXBuildFile; fileRef = 7A83F2BD1B3C00D500DA3282 /* LCNetworkDemoTests.m */; };
		7AD464691B3FE3AC000E12C4 /* Api2.m in Sources */ = {isa = PBXBuildFile; fileRef = 7AD464681B3FE3AC000E12C4 /* Api2.m */; };
		B90659BA567364EEB1F9B4BB /* libPods.a in Frameworks */ = {isa = PBXBuildFile; fileRef = D66E0484201DE342B883E84B /* libPods.a */; };
		DF2944DA1C21516800B1C039 /* HQMultiImageUploadApi.m in Sources */ = {isa = PBXBuildFile; fileRef = DF2944D91C21516800B1C039 /* HQMultiImageUploadApi.m */; };
		DFF89BFE1BF5C498000B1BE3 /* LCBaseRequest.m in Sources */ = {isa = PBXBuildFile; fileRef = DFF89BF31BF5C498000B1BE3 /* LCBaseRequest.m */; };
		DFF89BFF1BF5C498000B1BE3 /* LCBatchRequest.m in Sources */ = {isa = PBXBuildFile; fileRef = DFF89BF51BF5C498000B1BE3 /* LCBatchRequest.m */; };
		DFF89C001BF5C498000B1BE3 /* LCBatchRequestAgent.m in Sources */ = {isa = PBXBuildFile; fileRef = DFF89BF71BF5C498000B1BE3 /* LCBatchRequestAgent.m */; };
		DFF89C011BF5C498000B1BE3 /* LCNetworkAgent.m in Sources */ = {isa = PBXBuildFile; fileRef = DFF89BF91BF5C498000B1BE3 /* LCNetworkAgent.m */; };
		DFF89C021BF5C498000B1BE3 /* LCNetworkConfig.m in Sources */ = {isa = PBXBuildFile; fileRef = DFF89BFB1BF5C498000B1BE3 /* LCNetworkConfig.m */; };
		DFF89C031BF5C498000B1BE3 /* LCNetworkPrivate.m in Sources */ = {isa = PBXBuildFile; fileRef = DFF89BFD1BF5C498000B1BE3 /* LCNetworkPrivate.m */; };
/* End PBXBuildFile section */

/* Begin PBXContainerItemProxy section */
		7A83F2B81B3C00D500DA3282 /* PBXContainerItemProxy */ = {
			isa = PBXContainerItemProxy;
			containerPortal = 7A83F2961B3C00D500DA3282 /* Project object */;
			proxyType = 1;
			remoteGlobalIDString = 7A83F29D1B3C00D500DA3282;
			remoteInfo = LCNetworkDemo;
		};
/* End PBXContainerItemProxy section */

/* Begin PBXFileReference section */
		2AD5340E0CBD7C34F7F6D0A6 /* Pods.debug.xcconfig */ = {isa = PBXFileReference; includeInIndex = 1; lastKnownFileType = text.xcconfig; name = Pods.debug.xcconfig; path = "Pods/Target Support Files/Pods/Pods.debug.xcconfig"; sourceTree = "<group>"; };
		7A68D8A51B45280E004B77B9 /* Api3.h */ = {isa = PBXFileReference; fileEncoding = 4; lastKnownFileType = sourcecode.c.h; path = Api3.h; sourceTree = "<group>"; };
		7A68D8A61B45280E004B77B9 /* Api3.m */ = {isa = PBXFileReference; fileEncoding = 4; lastKnownFileType = sourcecode.c.objc; path = Api3.m; sourceTree = "<group>"; };
		7A80C26F1B3D2DE800D53F00 /* LCRequestAccessory.h */ = {isa = PBXFileReference; fileEncoding = 4; lastKnownFileType = sourcecode.c.h; path = LCRequestAccessory.h; sourceTree = "<group>"; };
		7A80C2701B3D2DE800D53F00 /* LCRequestAccessory.m */ = {isa = PBXFileReference; fileEncoding = 4; lastKnownFileType = sourcecode.c.objc; path = LCRequestAccessory.m; sourceTree = "<group>"; };
		7A80C2721B3D2F3900D53F00 /* LCProcessFilter.h */ = {isa = PBXFileReference; fileEncoding = 4; lastKnownFileType = sourcecode.c.h; path = LCProcessFilter.h; sourceTree = "<group>"; };
		7A80C2731B3D2F3900D53F00 /* LCProcessFilter.m */ = {isa = PBXFileReference; fileEncoding = 4; lastKnownFileType = sourcecode.c.objc; path = LCProcessFilter.m; sourceTree = "<group>"; };
		7A80C2751B3D2FC300D53F00 /* Api1.h */ = {isa = PBXFileReference; fileEncoding = 4; lastKnownFileType = sourcecode.c.h; path = Api1.h; sourceTree = "<group>"; };
		7A80C2761B3D2FC300D53F00 /* Api1.m */ = {isa = PBXFileReference; fileEncoding = 4; lastKnownFileType = sourcecode.c.objc; path = Api1.m; sourceTree = "<group>"; };
		7A83F29E1B3C00D500DA3282 /* LCNetworkDemo.app */ = {isa = PBXFileReference; explicitFileType = wrapper.application; includeInIndex = 0; path = LCNetworkDemo.app; sourceTree = BUILT_PRODUCTS_DIR; };
		7A83F2A21B3C00D500DA3282 /* Info.plist */ = {isa = PBXFileReference; lastKnownFileType = text.plist.xml; path = Info.plist; sourceTree = "<group>"; };
		7A83F2A31B3C00D500DA3282 /* main.m */ = {isa = PBXFileReference; lastKnownFileType = sourcecode.c.objc; path = main.m; sourceTree = "<group>"; };
		7A83F2A51B3C00D500DA3282 /* AppDelegate.h */ = {isa = PBXFileReference; lastKnownFileType = sourcecode.c.h; path = AppDelegate.h; sourceTree = "<group>"; };
		7A83F2A61B3C00D500DA3282 /* AppDelegate.m */ = {isa = PBXFileReference; lastKnownFileType = sourcecode.c.objc; path = AppDelegate.m; sourceTree = "<group>"; };
		7A83F2A81B3C00D500DA3282 /* ViewController.h */ = {isa = PBXFileReference; lastKnownFileType = sourcecode.c.h; path = ViewController.h; sourceTree = "<group>"; };
		7A83F2A91B3C00D500DA3282 /* ViewController.m */ = {isa = PBXFileReference; lastKnownFileType = sourcecode.c.objc; path = ViewController.m; sourceTree = "<group>"; };
		7A83F2AC1B3C00D500DA3282 /* Base */ = {isa = PBXFileReference; lastKnownFileType = file.storyboard; name = Base; path = Base.lproj/Main.storyboard; sourceTree = "<group>"; };
		7A83F2AE1B3C00D500DA3282 /* Images.xcassets */ = {isa = PBXFileReference; lastKnownFileType = folder.assetcatalog; path = Images.xcassets; sourceTree = "<group>"; };
		7A83F2B11B3C00D500DA3282 /* Base */ = {isa = PBXFileReference; lastKnownFileType = file.xib; name = Base; path = Base.lproj/LaunchScreen.xib; sourceTree = "<group>"; };
		7A83F2B71B3C00D500DA3282 /* LCNetworkDemoTests.xctest */ = {isa = PBXFileReference; explicitFileType = wrapper.cfbundle; includeInIndex = 0; path = LCNetworkDemoTests.xctest; sourceTree = BUILT_PRODUCTS_DIR; };
		7A83F2BC1B3C00D500DA3282 /* Info.plist */ = {isa = PBXFileReference; lastKnownFileType = text.plist.xml; path = Info.plist; sourceTree = "<group>"; };
		7A83F2BD1B3C00D500DA3282 /* LCNetworkDemoTests.m */ = {isa = PBXFileReference; lastKnownFileType = sourcecode.c.objc; path = LCNetworkDemoTests.m; sourceTree = "<group>"; };
		7AD464671B3FE3AC000E12C4 /* Api2.h */ = {isa = PBXFileReference; fileEncoding = 4; lastKnownFileType = sourcecode.c.h; path = Api2.h; sourceTree = "<group>"; };
		7AD464681B3FE3AC000E12C4 /* Api2.m */ = {isa = PBXFileReference; fileEncoding = 4; lastKnownFileType = sourcecode.c.objc; path = Api2.m; sourceTree = "<group>"; };
		D66E0484201DE342B883E84B /* libPods.a */ = {isa = PBXFileReference; explicitFileType = archive.ar; includeInIndex = 0; path = libPods.a; sourceTree = BUILT_PRODUCTS_DIR; };
		DF2944D81C21516800B1C039 /* HQMultiImageUploadApi.h */ = {isa = PBXFileReference; fileEncoding = 4; lastKnownFileType = sourcecode.c.h; path = HQMultiImageUploadApi.h; sourceTree = "<group>"; };
		DF2944D91C21516800B1C039 /* HQMultiImageUploadApi.m */ = {isa = PBXFileReference; fileEncoding = 4; lastKnownFileType = sourcecode.c.objc; path = HQMultiImageUploadApi.m; sourceTree = "<group>"; };
		DFF89BF21BF5C498000B1BE3 /* LCBaseRequest.h */ = {isa = PBXFileReference; fileEncoding = 4; lastKnownFileType = sourcecode.c.h; path = LCBaseRequest.h; sourceTree = "<group>"; };
		DFF89BF31BF5C498000B1BE3 /* LCBaseRequest.m */ = {isa = PBXFileReference; fileEncoding = 4; lastKnownFileType = sourcecode.c.objc; path = LCBaseRequest.m; sourceTree = "<group>"; };
		DFF89BF41BF5C498000B1BE3 /* LCBatchRequest.h */ = {isa = PBXFileReference; fileEncoding = 4; lastKnownFileType = sourcecode.c.h; path = LCBatchRequest.h; sourceTree = "<group>"; };
		DFF89BF51BF5C498000B1BE3 /* LCBatchRequest.m */ = {isa = PBXFileReference; fileEncoding = 4; lastKnownFileType = sourcecode.c.objc; path = LCBatchRequest.m; sourceTree = "<group>"; };
		DFF89BF61BF5C498000B1BE3 /* LCBatchRequestAgent.h */ = {isa = PBXFileReference; fileEncoding = 4; lastKnownFileType = sourcecode.c.h; path = LCBatchRequestAgent.h; sourceTree = "<group>"; };
		DFF89BF71BF5C498000B1BE3 /* LCBatchRequestAgent.m */ = {isa = PBXFileReference; fileEncoding = 4; lastKnownFileType = sourcecode.c.objc; path = LCBatchRequestAgent.m; sourceTree = "<group>"; };
		DFF89BF81BF5C498000B1BE3 /* LCNetworkAgent.h */ = {isa = PBXFileReference; fileEncoding = 4; lastKnownFileType = sourcecode.c.h; path = LCNetworkAgent.h; sourceTree = "<group>"; };
		DFF89BF91BF5C498000B1BE3 /* LCNetworkAgent.m */ = {isa = PBXFileReference; fileEncoding = 4; lastKnownFileType = sourcecode.c.objc; path = LCNetworkAgent.m; sourceTree = "<group>"; };
		DFF89BFA1BF5C498000B1BE3 /* LCNetworkConfig.h */ = {isa = PBXFileReference; fileEncoding = 4; lastKnownFileType = sourcecode.c.h; path = LCNetworkConfig.h; sourceTree = "<group>"; };
		DFF89BFB1BF5C498000B1BE3 /* LCNetworkConfig.m */ = {isa = PBXFileReference; fileEncoding = 4; lastKnownFileType = sourcecode.c.objc; path = LCNetworkConfig.m; sourceTree = "<group>"; };
		DFF89BFC1BF5C498000B1BE3 /* LCNetworkPrivate.h */ = {isa = PBXFileReference; fileEncoding = 4; lastKnownFileType = sourcecode.c.h; path = LCNetworkPrivate.h; sourceTree = "<group>"; };
		DFF89BFD1BF5C498000B1BE3 /* LCNetworkPrivate.m */ = {isa = PBXFileReference; fileEncoding = 4; lastKnownFileType = sourcecode.c.objc; path = LCNetworkPrivate.m; sourceTree = "<group>"; };
		DFF89C041BF5C4AA000B1BE3 /* LCNetwork.h */ = {isa = PBXFileReference; lastKnownFileType = sourcecode.c.h; path = LCNetwork.h; sourceTree = "<group>"; };
		E92C914ECFE8EC22DB8051DD /* Pods.release.xcconfig */ = {isa = PBXFileReference; includeInIndex = 1; lastKnownFileType = text.xcconfig; name = Pods.release.xcconfig; path = "Pods/Target Support Files/Pods/Pods.release.xcconfig"; sourceTree = "<group>"; };
/* End PBXFileReference section */

/* Begin PBXFrameworksBuildPhase section */
		7A83F29B1B3C00D500DA3282 /* Frameworks */ = {
			isa = PBXFrameworksBuildPhase;
			buildActionMask = 2147483647;
			files = (
				B90659BA567364EEB1F9B4BB /* libPods.a in Frameworks */,
			);
			runOnlyForDeploymentPostprocessing = 0;
		};
		7A83F2B41B3C00D500DA3282 /* Frameworks */ = {
			isa = PBXFrameworksBuildPhase;
			buildActionMask = 2147483647;
			files = (
			);
			runOnlyForDeploymentPostprocessing = 0;
		};
/* End PBXFrameworksBuildPhase section */

/* Begin PBXGroup section */
		5164F80BCA1D2BDC5791C93E /* Frameworks */ = {
			isa = PBXGroup;
			children = (
				D66E0484201DE342B883E84B /* libPods.a */,
			);
			name = Frameworks;
			sourceTree = "<group>";
		};
		7A83F2951B3C00D500DA3282 = {
			isa = PBXGroup;
			children = (
				7A83F2A01B3C00D500DA3282 /* LCNetworkDemo */,
				7A83F2BA1B3C00D500DA3282 /* LCNetworkDemoTests */,
				7A83F29F1B3C00D500DA3282 /* Products */,
				8B0437A2D6C49D9D0B834618 /* Pods */,
				5164F80BCA1D2BDC5791C93E /* Frameworks */,
			);
			sourceTree = "<group>";
		};
		7A83F29F1B3C00D500DA3282 /* Products */ = {
			isa = PBXGroup;
			children = (
				7A83F29E1B3C00D500DA3282 /* LCNetworkDemo.app */,
				7A83F2B71B3C00D500DA3282 /* LCNetworkDemoTests.xctest */,
			);
			name = Products;
			sourceTree = "<group>";
		};
		7A83F2A01B3C00D500DA3282 /* LCNetworkDemo */ = {
			isa = PBXGroup;
			children = (
				DFF89BF11BF5C498000B1BE3 /* LCNetwork */,
				7A83F2A51B3C00D500DA3282 /* AppDelegate.h */,
				7A83F2A61B3C00D500DA3282 /* AppDelegate.m */,
				7A83F2A81B3C00D500DA3282 /* ViewController.h */,
				7A83F2A91B3C00D500DA3282 /* ViewController.m */,
				7A80C26F1B3D2DE800D53F00 /* LCRequestAccessory.h */,
				7A80C2701B3D2DE800D53F00 /* LCRequestAccessory.m */,
				7A80C2721B3D2F3900D53F00 /* LCProcessFilter.h */,
				7A80C2731B3D2F3900D53F00 /* LCProcessFilter.m */,
				7A80C2751B3D2FC300D53F00 /* Api1.h */,
				7A80C2761B3D2FC300D53F00 /* Api1.m */,
				7AD464671B3FE3AC000E12C4 /* Api2.h */,
				7AD464681B3FE3AC000E12C4 /* Api2.m */,
				7A68D8A51B45280E004B77B9 /* Api3.h */,
				7A68D8A61B45280E004B77B9 /* Api3.m */,
				DF2944D81C21516800B1C039 /* HQMultiImageUploadApi.h */,
				DF2944D91C21516800B1C039 /* HQMultiImageUploadApi.m */,
				7A83F2AB1B3C00D500DA3282 /* Main.storyboard */,
				7A83F2AE1B3C00D500DA3282 /* Images.xcassets */,
				7A83F2B01B3C00D500DA3282 /* LaunchScreen.xib */,
				7A83F2A11B3C00D500DA3282 /* Supporting Files */,
			);
			path = LCNetworkDemo;
			sourceTree = "<group>";
		};
		7A83F2A11B3C00D500DA3282 /* Supporting Files */ = {
			isa = PBXGroup;
			children = (
				7A83F2A21B3C00D500DA3282 /* Info.plist */,
				7A83F2A31B3C00D500DA3282 /* main.m */,
			);
			name = "Supporting Files";
			sourceTree = "<group>";
		};
		7A83F2BA1B3C00D500DA3282 /* LCNetworkDemoTests */ = {
			isa = PBXGroup;
			children = (
				7A83F2BD1B3C00D500DA3282 /* LCNetworkDemoTests.m */,
				7A83F2BB1B3C00D500DA3282 /* Supporting Files */,
			);
			path = LCNetworkDemoTests;
			sourceTree = "<group>";
		};
		7A83F2BB1B3C00D500DA3282 /* Supporting Files */ = {
			isa = PBXGroup;
			children = (
				7A83F2BC1B3C00D500DA3282 /* Info.plist */,
			);
			name = "Supporting Files";
			sourceTree = "<group>";
		};
		8B0437A2D6C49D9D0B834618 /* Pods */ = {
			isa = PBXGroup;
			children = (
				2AD5340E0CBD7C34F7F6D0A6 /* Pods.debug.xcconfig */,
				E92C914ECFE8EC22DB8051DD /* Pods.release.xcconfig */,
			);
			name = Pods;
			sourceTree = "<group>";
		};
		DFF89BF11BF5C498000B1BE3 /* LCNetwork */ = {
			isa = PBXGroup;
			children = (
				DFF89C041BF5C4AA000B1BE3 /* LCNetwork.h */,
				DFF89BF21BF5C498000B1BE3 /* LCBaseRequest.h */,
				DFF89BF31BF5C498000B1BE3 /* LCBaseRequest.m */,
				DFF89BF41BF5C498000B1BE3 /* LCBatchRequest.h */,
				DFF89BF51BF5C498000B1BE3 /* LCBatchRequest.m */,
				DFF89BF61BF5C498000B1BE3 /* LCBatchRequestAgent.h */,
				DFF89BF71BF5C498000B1BE3 /* LCBatchRequestAgent.m */,
				DFF89BF81BF5C498000B1BE3 /* LCNetworkAgent.h */,
				DFF89BF91BF5C498000B1BE3 /* LCNetworkAgent.m */,
				DFF89BFA1BF5C498000B1BE3 /* LCNetworkConfig.h */,
				DFF89BFB1BF5C498000B1BE3 /* LCNetworkConfig.m */,
				DFF89BFC1BF5C498000B1BE3 /* LCNetworkPrivate.h */,
				DFF89BFD1BF5C498000B1BE3 /* LCNetworkPrivate.m */,
			);
			name = LCNetwork;
			path = ../../LCNetwork;
			sourceTree = "<group>";
		};
/* End PBXGroup section */

/* Begin PBXNativeTarget section */
		7A83F29D1B3C00D500DA3282 /* LCNetworkDemo */ = {
			isa = PBXNativeTarget;
			buildConfigurationList = 7A83F2C11B3C00D500DA3282 /* Build configuration list for PBXNativeTarget "LCNetworkDemo" */;
			buildPhases = (
				32319AA4E04451158C341248 /* Check Pods Manifest.lock */,
				7A83F29A1B3C00D500DA3282 /* Sources */,
				7A83F29B1B3C00D500DA3282 /* Frameworks */,
				7A83F29C1B3C00D500DA3282 /* Resources */,
				D2E7C8FED00259C235F67F70 /* Copy Pods Resources */,
				75DBFD106EB3F9A23D801FA3 /* Embed Pods Frameworks */,
			);
			buildRules = (
			);
			dependencies = (
			);
			name = LCNetworkDemo;
			productName = LCNetworkDemo;
			productReference = 7A83F29E1B3C00D500DA3282 /* LCNetworkDemo.app */;
			productType = "com.apple.product-type.application";
		};
		7A83F2B61B3C00D500DA3282 /* LCNetworkDemoTests */ = {
			isa = PBXNativeTarget;
			buildConfigurationList = 7A83F2C41B3C00D500DA3282 /* Build configuration list for PBXNativeTarget "LCNetworkDemoTests" */;
			buildPhases = (
				7A83F2B31B3C00D500DA3282 /* Sources */,
				7A83F2B41B3C00D500DA3282 /* Frameworks */,
				7A83F2B51B3C00D500DA3282 /* Resources */,
			);
			buildRules = (
			);
			dependencies = (
				7A83F2B91B3C00D500DA3282 /* PBXTargetDependency */,
			);
			name = LCNetworkDemoTests;
			productName = LCNetworkDemoTests;
			productReference = 7A83F2B71B3C00D500DA3282 /* LCNetworkDemoTests.xctest */;
			productType = "com.apple.product-type.bundle.unit-test";
		};
/* End PBXNativeTarget section */

/* Begin PBXProject section */
		7A83F2961B3C00D500DA3282 /* Project object */ = {
			isa = PBXProject;
			attributes = {
				LastUpgradeCheck = 0710;
				ORGANIZATIONNAME = beike;
				TargetAttributes = {
					7A83F29D1B3C00D500DA3282 = {
						CreatedOnToolsVersion = 6.3.2;
						DevelopmentTeam = 8246L2QR6A;
					};
					7A83F2B61B3C00D500DA3282 = {
						CreatedOnToolsVersion = 6.3.2;
						TestTargetID = 7A83F29D1B3C00D500DA3282;
					};
				};
			};
			buildConfigurationList = 7A83F2991B3C00D500DA3282 /* Build configuration list for PBXProject "LCNetworkDemo" */;
			compatibilityVersion = "Xcode 3.2";
			developmentRegion = English;
			hasScannedForEncodings = 0;
			knownRegions = (
				en,
				Base,
			);
			mainGroup = 7A83F2951B3C00D500DA3282;
			productRefGroup = 7A83F29F1B3C00D500DA3282 /* Products */;
			projectDirPath = "";
			projectRoot = "";
			targets = (
				7A83F29D1B3C00D500DA3282 /* LCNetworkDemo */,
				7A83F2B61B3C00D500DA3282 /* LCNetworkDemoTests */,
			);
		};
/* End PBXProject section */

/* Begin PBXResourcesBuildPhase section */
		7A83F29C1B3C00D500DA3282 /* Resources */ = {
			isa = PBXResourcesBuildPhase;
			buildActionMask = 2147483647;
			files = (
				7A83F2AD1B3C00D500DA3282 /* Main.storyboard in Resources */,
				7A83F2B21B3C00D500DA3282 /* LaunchScreen.xib in Resources */,
				7A83F2AF1B3C00D500DA3282 /* Images.xcassets in Resources */,
			);
			runOnlyForDeploymentPostprocessing = 0;
		};
		7A83F2B51B3C00D500DA3282 /* Resources */ = {
			isa = PBXResourcesBuildPhase;
			buildActionMask = 2147483647;
			files = (
			);
			runOnlyForDeploymentPostprocessing = 0;
		};
/* End PBXResourcesBuildPhase section */

/* Begin PBXShellScriptBuildPhase section */
		32319AA4E04451158C341248 /* Check Pods Manifest.lock */ = {
			isa = PBXShellScriptBuildPhase;
			buildActionMask = 2147483647;
			files = (
			);
			inputPaths = (
			);
			name = "Check Pods Manifest.lock";
			outputPaths = (
			);
			runOnlyForDeploymentPostprocessing = 0;
			shellPath = /bin/sh;
			shellScript = "diff \"${PODS_ROOT}/../Podfile.lock\" \"${PODS_ROOT}/Manifest.lock\" > /dev/null\nif [[ $? != 0 ]] ; then\n    cat << EOM\nerror: The sandbox is not in sync with the Podfile.lock. Run 'pod install' or update your CocoaPods installation.\nEOM\n    exit 1\nfi\n";
			showEnvVarsInLog = 0;
		};
		75DBFD106EB3F9A23D801FA3 /* Embed Pods Frameworks */ = {
			isa = PBXShellScriptBuildPhase;
			buildActionMask = 2147483647;
			files = (
			);
			inputPaths = (
			);
			name = "Embed Pods Frameworks";
			outputPaths = (
			);
			runOnlyForDeploymentPostprocessing = 0;
			shellPath = /bin/sh;
			shellScript = "\"${SRCROOT}/Pods/Target Support Files/Pods/Pods-frameworks.sh\"\n";
			showEnvVarsInLog = 0;
		};
		D2E7C8FED00259C235F67F70 /* Copy Pods Resources */ = {
			isa = PBXShellScriptBuildPhase;
			buildActionMask = 2147483647;
			files = (
			);
			inputPaths = (
			);
			name = "Copy Pods Resources";
			outputPaths = (
			);
			runOnlyForDeploymentPostprocessing = 0;
			shellPath = /bin/sh;
			shellScript = "\"${SRCROOT}/Pods/Target Support Files/Pods/Pods-resources.sh\"\n";
			showEnvVarsInLog = 0;
		};
/* End PBXShellScriptBuildPhase section */

/* Begin PBXSourcesBuildPhase section */
		7A83F29A1B3C00D500DA3282 /* Sources */ = {
			isa = PBXSourcesBuildPhase;
			buildActionMask = 2147483647;
			files = (
				7A80C2741B3D2F3900D53F00 /* LCProcessFilter.m in Sources */,
				7A80C2771B3D2FC300D53F00 /* Api1.m in Sources */,
				7AD464691B3FE3AC000E12C4 /* Api2.m in Sources */,
				DFF89C011BF5C498000B1BE3 /* LCNetworkAgent.m in Sources */,
				7A83F2AA1B3C00D500DA3282 /* ViewController.m in Sources */,
				7A83F2A71B3C00D500DA3282 /* AppDelegate.m in Sources */,
				7A68D8A71B45280E004B77B9 /* Api3.m in Sources */,
				DFF89C031BF5C498000B1BE3 /* LCNetworkPrivate.m in Sources */,
				7A80C2711B3D2DE800D53F00 /* LCRequestAccessory.m in Sources */,
				DFF89BFF1BF5C498000B1BE3 /* LCBatchRequest.m in Sources */,
				DFF89C001BF5C498000B1BE3 /* LCBatchRequestAgent.m in Sources */,
				DF2944DA1C21516800B1C039 /* HQMultiImageUploadApi.m in Sources */,
				DFF89C021BF5C498000B1BE3 /* LCNetworkConfig.m in Sources */,
				7A83F2A41B3C00D500DA3282 /* main.m in Sources */,
				DFF89BFE1BF5C498000B1BE3 /* LCBaseRequest.m in Sources */,
			);
			runOnlyForDeploymentPostprocessing = 0;
		};
		7A83F2B31B3C00D500DA3282 /* Sources */ = {
			isa = PBXSourcesBuildPhase;
			buildActionMask = 2147483647;
			files = (
				7A83F2BE1B3C00D500DA3282 /* LCNetworkDemoTests.m in Sources */,
			);
			runOnlyForDeploymentPostprocessing = 0;
		};
/* End PBXSourcesBuildPhase section */

/* Begin PBXTargetDependency section */
		7A83F2B91B3C00D500DA3282 /* PBXTargetDependency */ = {
			isa = PBXTargetDependency;
			target = 7A83F29D1B3C00D500DA3282 /* LCNetworkDemo */;
			targetProxy = 7A83F2B81B3C00D500DA3282 /* PBXContainerItemProxy */;
		};
/* End PBXTargetDependency section */

/* Begin PBXVariantGroup section */
		7A83F2AB1B3C00D500DA3282 /* Main.storyboard */ = {
			isa = PBXVariantGroup;
			children = (
				7A83F2AC1B3C00D500DA3282 /* Base */,
			);
			name = Main.storyboard;
			sourceTree = "<group>";
		};
		7A83F2B01B3C00D500DA3282 /* LaunchScreen.xib */ = {
			isa = PBXVariantGroup;
			children = (
				7A83F2B11B3C00D500DA3282 /* Base */,
			);
			name = LaunchScreen.xib;
			sourceTree = "<group>";
		};
/* End PBXVariantGroup section */

/* Begin XCBuildConfiguration section */
		7A83F2BF1B3C00D500DA3282 /* Debug */ = {
			isa = XCBuildConfiguration;
			buildSettings = {
				ALWAYS_SEARCH_USER_PATHS = NO;
				CLANG_CXX_LANGUAGE_STANDARD = "gnu++0x";
				CLANG_CXX_LIBRARY = "libc++";
				CLANG_ENABLE_MODULES = YES;
				CLANG_ENABLE_OBJC_ARC = YES;
				CLANG_WARN_BOOL_CONVERSION = YES;
				CLANG_WARN_CONSTANT_CONVERSION = YES;
				CLANG_WARN_DIRECT_OBJC_ISA_USAGE = YES_ERROR;
				CLANG_WARN_EMPTY_BODY = YES;
				CLANG_WARN_ENUM_CONVERSION = YES;
				CLANG_WARN_INT_CONVERSION = YES;
				CLANG_WARN_OBJC_ROOT_CLASS = YES_ERROR;
				CLANG_WARN_UNREACHABLE_CODE = YES;
				CLANG_WARN__DUPLICATE_METHOD_MATCH = YES;
				"CODE_SIGN_IDENTITY[sdk=iphoneos*]" = "iPhone Developer";
				COPY_PHASE_STRIP = NO;
				DEBUG_INFORMATION_FORMAT = "dwarf-with-dsym";
				ENABLE_STRICT_OBJC_MSGSEND = YES;
				ENABLE_TESTABILITY = YES;
				GCC_C_LANGUAGE_STANDARD = gnu99;
				GCC_DYNAMIC_NO_PIC = NO;
				GCC_NO_COMMON_BLOCKS = YES;
				GCC_OPTIMIZATION_LEVEL = 0;
				GCC_PREPROCESSOR_DEFINITIONS = (
					"DEBUG=1",
					"$(inherited)",
				);
				GCC_SYMBOLS_PRIVATE_EXTERN = NO;
				GCC_WARN_64_TO_32_BIT_CONVERSION = YES;
				GCC_WARN_ABOUT_RETURN_TYPE = YES_ERROR;
				GCC_WARN_UNDECLARED_SELECTOR = YES;
				GCC_WARN_UNINITIALIZED_AUTOS = YES_AGGRESSIVE;
				GCC_WARN_UNUSED_FUNCTION = YES;
				GCC_WARN_UNUSED_VARIABLE = YES;
				IPHONEOS_DEPLOYMENT_TARGET = 7.0;
				MTL_ENABLE_DEBUG_INFO = YES;
				ONLY_ACTIVE_ARCH = YES;
				SDKROOT = iphoneos;
			};
			name = Debug;
		};
		7A83F2C01B3C00D500DA3282 /* Release */ = {
			isa = XCBuildConfiguration;
			buildSettings = {
				ALWAYS_SEARCH_USER_PATHS = NO;
				CLANG_CXX_LANGUAGE_STANDARD = "gnu++0x";
				CLANG_CXX_LIBRARY = "libc++";
				CLANG_ENABLE_MODULES = YES;
				CLANG_ENABLE_OBJC_ARC = YES;
				CLANG_WARN_BOOL_CONVERSION = YES;
				CLANG_WARN_CONSTANT_CONVERSION = YES;
				CLANG_WARN_DIRECT_OBJC_ISA_USAGE = YES_ERROR;
				CLANG_WARN_EMPTY_BODY = YES;
				CLANG_WARN_ENUM_CONVERSION = YES;
				CLANG_WARN_INT_CONVERSION = YES;
				CLANG_WARN_OBJC_ROOT_CLASS = YES_ERROR;
				CLANG_WARN_UNREACHABLE_CODE = YES;
				CLANG_WARN__DUPLICATE_METHOD_MATCH = YES;
				"CODE_SIGN_IDENTITY[sdk=iphoneos*]" = "iPhone Developer";
				COPY_PHASE_STRIP = NO;
				DEBUG_INFORMATION_FORMAT = "dwarf-with-dsym";
				ENABLE_NS_ASSERTIONS = NO;
				ENABLE_STRICT_OBJC_MSGSEND = YES;
				GCC_C_LANGUAGE_STANDARD = gnu99;
				GCC_NO_COMMON_BLOCKS = YES;
				GCC_WARN_64_TO_32_BIT_CONVERSION = YES;
				GCC_WARN_ABOUT_RETURN_TYPE = YES_ERROR;
				GCC_WARN_UNDECLARED_SELECTOR = YES;
				GCC_WARN_UNINITIALIZED_AUTOS = YES_AGGRESSIVE;
				GCC_WARN_UNUSED_FUNCTION = YES;
				GCC_WARN_UNUSED_VARIABLE = YES;
				IPHONEOS_DEPLOYMENT_TARGET = 7.0;
				MTL_ENABLE_DEBUG_INFO = NO;
				SDKROOT = iphoneos;
				VALIDATE_PRODUCT = YES;
			};
			name = Release;
		};
		7A83F2C21B3C00D500DA3282 /* Debug */ = {
			isa = XCBuildConfiguration;
			baseConfigurationReference = 2AD5340E0CBD7C34F7F6D0A6 /* Pods.debug.xcconfig */;
			buildSettings = {
				ASSETCATALOG_COMPILER_APPICON_NAME = AppIcon;
				CODE_SIGN_IDENTITY = "iPhone Developer";
				INFOPLIST_FILE = LCNetworkDemo/Info.plist;
				LD_RUNPATH_SEARCH_PATHS = "$(inherited) @executable_path/Frameworks";
				PRODUCT_BUNDLE_IDENTIFIER = "beike.$(PRODUCT_NAME:rfc1034identifier)";
				PRODUCT_NAME = "$(TARGET_NAME)";
			};
			name = Debug;
		};
		7A83F2C31B3C00D500DA3282 /* Release */ = {
			isa = XCBuildConfiguration;
			baseConfigurationReference = E92C914ECFE8EC22DB8051DD /* Pods.release.xcconfig */;
			buildSettings = {
				ASSETCATALOG_COMPILER_APPICON_NAME = AppIcon;
				CODE_SIGN_IDENTITY = "iPhone Developer";
				INFOPLIST_FILE = LCNetworkDemo/Info.plist;
				LD_RUNPATH_SEARCH_PATHS = "$(inherited) @executable_path/Frameworks";
				PRODUCT_BUNDLE_IDENTIFIER = "beike.$(PRODUCT_NAME:rfc1034identifier)";
				PRODUCT_NAME = "$(TARGET_NAME)";
			};
			name = Release;
		};
		7A83F2C51B3C00D500DA3282 /* Debug */ = {
			isa = XCBuildConfiguration;
			buildSettings = {
				BUNDLE_LOADER = "$(TEST_HOST)";
				FRAMEWORK_SEARCH_PATHS = (
					"$(SDKROOT)/Developer/Library/Frameworks",
					"$(inherited)",
				);
				GCC_PREPROCESSOR_DEFINITIONS = (
					"DEBUG=1",
					"$(inherited)",
				);
				INFOPLIST_FILE = LCNetworkDemoTests/Info.plist;
				LD_RUNPATH_SEARCH_PATHS = "$(inherited) @executable_path/Frameworks @loader_path/Frameworks";
				PRODUCT_BUNDLE_IDENTIFIER = "beike.$(PRODUCT_NAME:rfc1034identifier)";
				PRODUCT_NAME = "$(TARGET_NAME)";
				TEST_HOST = "$(BUILT_PRODUCTS_DIR)/LCNetworkDemo.app/LCNetworkDemo";
			};
			name = Debug;
		};
		7A83F2C61B3C00D500DA3282 /* Release */ = {
			isa = XCBuildConfiguration;
			buildSettings = {
				BUNDLE_LOADER = "$(TEST_HOST)";
				FRAMEWORK_SEARCH_PATHS = (
					"$(SDKROOT)/Developer/Library/Frameworks",
					"$(inherited)",
				);
				INFOPLIST_FILE = LCNetworkDemoTests/Info.plist;
				LD_RUNPATH_SEARCH_PATHS = "$(inherited) @executable_path/Frameworks @loader_path/Frameworks";
				PRODUCT_BUNDLE_IDENTIFIER = "beike.$(PRODUCT_NAME:rfc1034identifier)";
				PRODUCT_NAME = "$(TARGET_NAME)";
				TEST_HOST = "$(BUILT_PRODUCTS_DIR)/LCNetworkDemo.app/LCNetworkDemo";
			};
			name = Release;
		};
/* End XCBuildConfiguration section */

/* Begin XCConfigurationList section */
		7A83F2991B3C00D500DA3282 /* Build configuration list for PBXProject "LCNetworkDemo" */ = {
			isa = XCConfigurationList;
			buildConfigurations = (
				7A83F2BF1B3C00D500DA3282 /* Debug */,
				7A83F2C01B3C00D500DA3282 /* Release */,
			);
			defaultConfigurationIsVisible = 0;
			defaultConfigurationName = Release;
		};
		7A83F2C11B3C00D500DA3282 /* Build configuration list for PBXNativeTarget "LCNetworkDemo" */ = {
			isa = XCConfigurationList;
			buildConfigurations = (
				7A83F2C21B3C00D500DA3282 /* Debug */,
				7A83F2C31B3C00D500DA3282 /* Release */,
			);
			defaultConfigurationIsVisible = 0;
			defaultConfigurationName = Release;
		};
		7A83F2C41B3C00D500DA3282 /* Build configuration list for PBXNativeTarget "LCNetworkDemoTests" */ = {
			isa = XCConfigurationList;
			buildConfigurations = (
				7A83F2C51B3C00D500DA3282 /* Debug */,
				7A83F2C61B3C00D500DA3282 /* Release */,
			);
			defaultConfigurationIsVisible = 0;
			defaultConfigurationName = Release;
		};
/* End XCConfigurationList section */
	};
	rootObject = 7A83F2961B3C00D500DA3282 /* Project object */;
}
